
Microsoft Visual Studio Solution File, Format Version 12.00
# Visual Studio Version 17
VisualStudioVersion = 17.3.32901.215
MinimumVisualStudioVersion = 10.0.40219.1
Project("{FAE04EC0-301F-11D3-BF4B-00C04F79EFBC}") = "CabInvoiceGenrator", "CabInvoiceGenrator\CabInvoiceGenrator.csproj", "{FB18B7AC-E078-45B9-8719-4518A82C87A6}"
EndProject
Project("{FAE04EC0-301F-11D3-BF4B-00C04F79EFBC}") = "UnitTest", "UnitTest\UnitTest.csproj", "{F23848C8-53B3-4742-9F3B-800A27993BA7}"
EndProject
Global
	GlobalSection(SolutionConfigurationPlatforms) = preSolution
		Debug|Any CPU = Debug|Any CPU
		Release|Any CPU = Release|Any CPU
	EndGlobalSection
	GlobalSection(ProjectConfigurationPlatforms) = postSolution
		{FB18B7AC-E078-45B9-8719-4518A82C87A6}.Debug|Any CPU.ActiveCfg = Debug|Any CPU
		{FB18B7AC-E078-45B9-8719-4518A82C87A6}.Debug|Any CPU.Build.0 = Debug|Any CPU
		{FB18B7AC-E078-45B9-8719-4518A82C87A6}.Release|Any CPU.ActiveCfg = Release|Any CPU
		{FB18B7AC-E078-45B9-8719-4518A82C87A6}.Release|Any CPU.Build.0 = Release|Any CPU
		{F23848C8-53B3-4742-9F3B-800A27993BA7}.Debug|Any CPU.ActiveCfg = Debug|Any CPU
		{F23848C8-53B3-4742-9F3B-800A27993BA7}.Debug|Any CPU.Build.0 = Debug|Any CPU
		{F23848C8-53B3-4742-9F3B-800A27993BA7}.Release|Any CPU.ActiveCfg = Release|Any CPU
		{F23848C8-53B3-4742-9F3B-800A27993BA7}.Release|Any CPU.Build.0 = Release|Any CPU
	EndGlobalSection
	GlobalSection(SolutionProperties) = preSolution
		HideSolutionNode = FALSE
	EndGlobalSection
	GlobalSection(ExtensibilityGlobals) = postSolution
		SolutionGuid = {1016D7C3-64AA-42BD-A89D-C7ABEBACF3E4}
	EndGlobalSection
EndGlobal
